
Microsoft Visual Studio Solution File, Format Version 12.00
# Visual Studio 15
VisualStudioVersion = 15.0.27004.2005
MinimumVisualStudioVersion = 10.0.40219.1
Project("{FAE04EC0-301F-11D3-BF4B-00C04F79EFBC}") = "lealta_mobile.Android", "lealta_mobile\lealta_mobile.Android\lealta_mobile.Android.csproj", "{C0A31A03-ECF4-414D-AD08-AC7F0969EE19}"
EndProject
Project("{FAE04EC0-301F-11D3-BF4B-00C04F79EFBC}") = "lealta_mobile", "lealta_mobile\lealta_mobile\lealta_mobile.csproj", "{0A7579AB-B724-4DD8-90C6-40D298DAD904}"
EndProject
Project("{FAE04EC0-301F-11D3-BF4B-00C04F79EFBC}") = "lealta_mobile.UWP", "lealta_mobile\lealta_mobile.UWP\lealta_mobile.UWP.csproj", "{CE5F2E67-919B-46E8-B681-84C32EEF9A48}"
EndProject
Project("{FAE04EC0-301F-11D3-BF4B-00C04F79EFBC}") = "lealta_mobile.iOS", "lealta_mobile\lealta_mobile.iOS\lealta_mobile.iOS.csproj", "{4BA76653-C25D-4AB7-A67E-33D1DD682848}"
EndProject
Global
	GlobalSection(SolutionConfigurationPlatforms) = preSolution
		Ad-Hoc|Any CPU = Ad-Hoc|Any CPU
		Ad-Hoc|ARM = Ad-Hoc|ARM
		Ad-Hoc|iPhone = Ad-Hoc|iPhone
		Ad-Hoc|iPhoneSimulator = Ad-Hoc|iPhoneSimulator
		Ad-Hoc|x64 = Ad-Hoc|x64
		Ad-Hoc|x86 = Ad-Hoc|x86
		AppStore|Any CPU = AppStore|Any CPU
		AppStore|ARM = AppStore|ARM
		AppStore|iPhone = AppStore|iPhone
		AppStore|iPhoneSimulator = AppStore|iPhoneSimulator
		AppStore|x64 = AppStore|x64
		AppStore|x86 = AppStore|x86
		Debug|Any CPU = Debug|Any CPU
		Debug|ARM = Debug|ARM
		Debug|iPhone = Debug|iPhone
		Debug|iPhoneSimulator = Debug|iPhoneSimulator
		Debug|x64 = Debug|x64
		Debug|x86 = Debug|x86
		Release|Any CPU = Release|Any CPU
		Release|ARM = Release|ARM
		Release|iPhone = Release|iPhone
		Release|iPhoneSimulator = Release|iPhoneSimulator
		Release|x64 = Release|x64
		Release|x86 = Release|x86
	EndGlobalSection
	GlobalSection(ProjectConfigurationPlatforms) = postSolution
		{C0A31A03-ECF4-414D-AD08-AC7F0969EE19}.Ad-Hoc|Any CPU.ActiveCfg = Release|Any CPU
		{C0A31A03-ECF4-414D-AD08-AC7F0969EE19}.Ad-Hoc|Any CPU.Build.0 = Release|Any CPU
		{C0A31A03-ECF4-414D-AD08-AC7F0969EE19}.Ad-Hoc|Any CPU.Deploy.0 = Release|Any CPU
		{C0A31A03-ECF4-414D-AD08-AC7F0969EE19}.Ad-Hoc|ARM.ActiveCfg = Release|Any CPU
		{C0A31A03-ECF4-414D-AD08-AC7F0969EE19}.Ad-Hoc|ARM.Build.0 = Release|Any CPU
		{C0A31A03-ECF4-414D-AD08-AC7F0969EE19}.Ad-Hoc|ARM.Deploy.0 = Release|Any CPU
		{C0A31A03-ECF4-414D-AD08-AC7F0969EE19}.Ad-Hoc|iPhone.ActiveCfg = Release|Any CPU
		{C0A31A03-ECF4-414D-AD08-AC7F0969EE19}.Ad-Hoc|iPhone.Build.0 = Release|Any CPU
		{C0A31A03-ECF4-414D-AD08-AC7F0969EE19}.Ad-Hoc|iPhone.Deploy.0 = Release|Any CPU
		{C0A31A03-ECF4-414D-AD08-AC7F0969EE19}.Ad-Hoc|iPhoneSimulator.ActiveCfg = Release|Any CPU
		{C0A31A03-ECF4-414D-AD08-AC7F0969EE19}.Ad-Hoc|iPhoneSimulator.Build.0 = Release|Any CPU
		{C0A31A03-ECF4-414D-AD08-AC7F0969EE19}.Ad-Hoc|iPhoneSimulator.Deploy.0 = Release|Any CPU
		{C0A31A03-ECF4-414D-AD08-AC7F0969EE19}.Ad-Hoc|x64.ActiveCfg = Release|Any CPU
		{C0A31A03-ECF4-414D-AD08-AC7F0969EE19}.Ad-Hoc|x64.Build.0 = Release|Any CPU
		{C0A31A03-ECF4-414D-AD08-AC7F0969EE19}.Ad-Hoc|x64.Deploy.0 = Release|Any CPU
		{C0A31A03-ECF4-414D-AD08-AC7F0969EE19}.Ad-Hoc|x86.ActiveCfg = Release|Any CPU
		{C0A31A03-ECF4-414D-AD08-AC7F0969EE19}.Ad-Hoc|x86.Build.0 = Release|Any CPU
		{C0A31A03-ECF4-414D-AD08-AC7F0969EE19}.Ad-Hoc|x86.Deploy.0 = Release|Any CPU
		{C0A31A03-ECF4-414D-AD08-AC7F0969EE19}.AppStore|Any CPU.ActiveCfg = Release|Any CPU
		{C0A31A03-ECF4-414D-AD08-AC7F0969EE19}.AppStore|Any CPU.Build.0 = Release|Any CPU
		{C0A31A03-ECF4-414D-AD08-AC7F0969EE19}.AppStore|Any CPU.Deploy.0 = Release|Any CPU
		{C0A31A03-ECF4-414D-AD08-AC7F0969EE19}.AppStore|ARM.ActiveCfg = Release|Any CPU
		{C0A31A03-ECF4-414D-AD08-AC7F0969EE19}.AppStore|ARM.Build.0 = Release|Any CPU
		{C0A31A03-ECF4-414D-AD08-AC7F0969EE19}.AppStore|ARM.Deploy.0 = Release|Any CPU
		{C0A31A03-ECF4-414D-AD08-AC7F0969EE19}.AppStore|iPhone.ActiveCfg = Release|Any CPU
		{C0A31A03-ECF4-414D-AD08-AC7F0969EE19}.AppStore|iPhone.Build.0 = Release|Any CPU
		{C0A31A03-ECF4-414D-AD08-AC7F0969EE19}.AppStore|iPhone.Deploy.0 = Release|Any CPU
		{C0A31A03-ECF4-414D-AD08-AC7F0969EE19}.AppStore|iPhoneSimulator.ActiveCfg = Release|Any CPU
		{C0A31A03-ECF4-414D-AD08-AC7F0969EE19}.AppStore|iPhoneSimulator.Build.0 = Release|Any CPU
		{C0A31A03-ECF4-414D-AD08-AC7F0969EE19}.AppStore|iPhoneSimulator.Deploy.0 = Release|Any CPU
		{C0A31A03-ECF4-414D-AD08-AC7F0969EE19}.AppStore|x64.ActiveCfg = Release|Any CPU
		{C0A31A03-ECF4-414D-AD08-AC7F0969EE19}.AppStore|x64.Build.0 = Release|Any CPU
		{C0A31A03-ECF4-414D-AD08-AC7F0969EE19}.AppStore|x64.Deploy.0 = Release|Any CPU
		{C0A31A03-ECF4-414D-AD08-AC7F0969EE19}.AppStore|x86.ActiveCfg = Release|Any CPU
		{C0A31A03-ECF4-414D-AD08-AC7F0969EE19}.AppStore|x86.Build.0 = Release|Any CPU
		{C0A31A03-ECF4-414D-AD08-AC7F0969EE19}.AppStore|x86.Deploy.0 = Release|Any CPU
		{C0A31A03-ECF4-414D-AD08-AC7F0969EE19}.Debug|Any CPU.ActiveCfg = Debug|Any CPU
		{C0A31A03-ECF4-414D-AD08-AC7F0969EE19}.Debug|Any CPU.Build.0 = Debug|Any CPU
		{C0A31A03-ECF4-414D-AD08-AC7F0969EE19}.Debug|Any CPU.Deploy.0 = Debug|Any CPU
		{C0A31A03-ECF4-414D-AD08-AC7F0969EE19}.Debug|ARM.ActiveCfg = Debug|Any CPU
		{C0A31A03-ECF4-414D-AD08-AC7F0969EE19}.Debug|ARM.Build.0 = Debug|Any CPU
		{C0A31A03-ECF4-414D-AD08-AC7F0969EE19}.Debug|ARM.Deploy.0 = Debug|Any CPU
		{C0A31A03-ECF4-414D-AD08-AC7F0969EE19}.Debug|iPhone.ActiveCfg = Debug|Any CPU
		{C0A31A03-ECF4-414D-AD08-AC7F0969EE19}.Debug|iPhone.Build.0 = Debug|Any CPU
		{C0A31A03-ECF4-414D-AD08-AC7F0969EE19}.Debug|iPhone.Deploy.0 = Debug|Any CPU
		{C0A31A03-ECF4-414D-AD08-AC7F0969EE19}.Debug|iPhoneSimulator.ActiveCfg = Debug|Any CPU
		{C0A31A03-ECF4-414D-AD08-AC7F0969EE19}.Debug|iPhoneSimulator.Build.0 = Debug|Any CPU
		{C0A31A03-ECF4-414D-AD08-AC7F0969EE19}.Debug|iPhoneSimulator.Deploy.0 = Debug|Any CPU
		{C0A31A03-ECF4-414D-AD08-AC7F0969EE19}.Debug|x64.ActiveCfg = Debug|Any CPU
		{C0A31A03-ECF4-414D-AD08-AC7F0969EE19}.Debug|x64.Build.0 = Debug|Any CPU
		{C0A31A03-ECF4-414D-AD08-AC7F0969EE19}.Debug|x64.Deploy.0 = Debug|Any CPU
		{C0A31A03-ECF4-414D-AD08-AC7F0969EE19}.Debug|x86.ActiveCfg = Debug|Any CPU
		{C0A31A03-ECF4-414D-AD08-AC7F0969EE19}.Debug|x86.Build.0 = Debug|Any CPU
		{C0A31A03-ECF4-414D-AD08-AC7F0969EE19}.Debug|x86.Deploy.0 = Debug|Any CPU
		{C0A31A03-ECF4-414D-AD08-AC7F0969EE19}.Release|Any CPU.ActiveCfg = Release|Any CPU
		{C0A31A03-ECF4-414D-AD08-AC7F0969EE19}.Release|Any CPU.Build.0 = Release|Any CPU
		{C0A31A03-ECF4-414D-AD08-AC7F0969EE19}.Release|Any CPU.Deploy.0 = Release|Any CPU
		{C0A31A03-ECF4-414D-AD08-AC7F0969EE19}.Release|ARM.ActiveCfg = Release|Any CPU
		{C0A31A03-ECF4-414D-AD08-AC7F0969EE19}.Release|ARM.Build.0 = Release|Any CPU
		{C0A31A03-ECF4-414D-AD08-AC7F0969EE19}.Release|ARM.Deploy.0 = Release|Any CPU
		{C0A31A03-ECF4-414D-AD08-AC7F0969EE19}.Release|iPhone.ActiveCfg = Release|Any CPU
		{C0A31A03-ECF4-414D-AD08-AC7F0969EE19}.Release|iPhone.Build.0 = Release|Any CPU
		{C0A31A03-ECF4-414D-AD08-AC7F0969EE19}.Release|iPhone.Deploy.0 = Release|Any CPU
		{C0A31A03-ECF4-414D-AD08-AC7F0969EE19}.Release|iPhoneSimulator.ActiveCfg = Release|Any CPU
		{C0A31A03-ECF4-414D-AD08-AC7F0969EE19}.Release|iPhoneSimulator.Build.0 = Release|Any CPU
		{C0A31A03-ECF4-414D-AD08-AC7F0969EE19}.Release|iPhoneSimulator.Deploy.0 = Release|Any CPU
		{C0A31A03-ECF4-414D-AD08-AC7F0969EE19}.Release|x64.ActiveCfg = Release|Any CPU
		{C0A31A03-ECF4-414D-AD08-AC7F0969EE19}.Release|x64.Build.0 = Release|Any CPU
		{C0A31A03-ECF4-414D-AD08-AC7F0969EE19}.Release|x64.Deploy.0 = Release|Any CPU
		{C0A31A03-ECF4-414D-AD08-AC7F0969EE19}.Release|x86.ActiveCfg = Release|Any CPU
		{C0A31A03-ECF4-414D-AD08-AC7F0969EE19}.Release|x86.Build.0 = Release|Any CPU
		{C0A31A03-ECF4-414D-AD08-AC7F0969EE19}.Release|x86.Deploy.0 = Release|Any CPU
		{0A7579AB-B724-4DD8-90C6-40D298DAD904}.Ad-Hoc|Any CPU.ActiveCfg = Release|Any CPU
		{0A7579AB-B724-4DD8-90C6-40D298DAD904}.Ad-Hoc|Any CPU.Build.0 = Release|Any CPU
		{0A7579AB-B724-4DD8-90C6-40D298DAD904}.Ad-Hoc|ARM.ActiveCfg = Release|Any CPU
		{0A7579AB-B724-4DD8-90C6-40D298DAD904}.Ad-Hoc|ARM.Build.0 = Release|Any CPU
		{0A7579AB-B724-4DD8-90C6-40D298DAD904}.Ad-Hoc|iPhone.ActiveCfg = Release|Any CPU
		{0A7579AB-B724-4DD8-90C6-40D298DAD904}.Ad-Hoc|iPhone.Build.0 = Release|Any CPU
		{0A7579AB-B724-4DD8-90C6-40D298DAD904}.Ad-Hoc|iPhoneSimulator.ActiveCfg = Release|Any CPU
		{0A7579AB-B724-4DD8-90C6-40D298DAD904}.Ad-Hoc|iPhoneSimulator.Build.0 = Release|Any CPU
		{0A7579AB-B724-4DD8-90C6-40D298DAD904}.Ad-Hoc|x64.ActiveCfg = Release|Any CPU
		{0A7579AB-B724-4DD8-90C6-40D298DAD904}.Ad-Hoc|x64.Build.0 = Release|Any CPU
		{0A7579AB-B724-4DD8-90C6-40D298DAD904}.Ad-Hoc|x86.ActiveCfg = Release|Any CPU
		{0A7579AB-B724-4DD8-90C6-40D298DAD904}.Ad-Hoc|x86.Build.0 = Release|Any CPU
		{0A7579AB-B724-4DD8-90C6-40D298DAD904}.AppStore|Any CPU.ActiveCfg = Release|Any CPU
		{0A7579AB-B724-4DD8-90C6-40D298DAD904}.AppStore|Any CPU.Build.0 = Release|Any CPU
		{0A7579AB-B724-4DD8-90C6-40D298DAD904}.AppStore|ARM.ActiveCfg = Release|Any CPU
		{0A7579AB-B724-4DD8-90C6-40D298DAD904}.AppStore|ARM.Build.0 = Release|Any CPU
		{0A7579AB-B724-4DD8-90C6-40D298DAD904}.AppStore|iPhone.ActiveCfg = Release|Any CPU
		{0A7579AB-B724-4DD8-90C6-40D298DAD904}.AppStore|iPhone.Build.0 = Release|Any CPU
		{0A7579AB-B724-4DD8-90C6-40D298DAD904}.AppStore|iPhoneSimulator.ActiveCfg = Release|Any CPU
		{0A7579AB-B724-4DD8-90C6-40D298DAD904}.AppStore|iPhoneSimulator.Build.0 = Release|Any CPU
		{0A7579AB-B724-4DD8-90C6-40D298DAD904}.AppStore|x64.ActiveCfg = Release|Any CPU
		{0A7579AB-B724-4DD8-90C6-40D298DAD904}.AppStore|x64.Build.0 = Release|Any CPU
		{0A7579AB-B724-4DD8-90C6-40D298DAD904}.AppStore|x86.ActiveCfg = Release|Any CPU
		{0A7579AB-B724-4DD8-90C6-40D298DAD904}.AppStore|x86.Build.0 = Release|Any CPU
		{0A7579AB-B724-4DD8-90C6-40D298DAD904}.Debug|Any CPU.ActiveCfg = Debug|Any CPU
		{0A7579AB-B724-4DD8-90C6-40D298DAD904}.Debug|Any CPU.Build.0 = Debug|Any CPU
		{0A7579AB-B724-4DD8-90C6-40D298DAD904}.Debug|ARM.ActiveCfg = Debug|Any CPU
		{0A7579AB-B724-4DD8-90C6-40D298DAD904}.Debug|ARM.Build.0 = Debug|Any CPU
		{0A7579AB-B724-4DD8-90C6-40D298DAD904}.Debug|iPhone.ActiveCfg = Debug|Any CPU
		{0A7579AB-B724-4DD8-90C6-40D298DAD904}.Debug|iPhone.Build.0 = Debug|Any CPU
		{0A7579AB-B724-4DD8-90C6-40D298DAD904}.Debug|iPhoneSimulator.ActiveCfg = Debug|Any CPU
		{0A7579AB-B724-4DD8-90C6-40D298DAD904}.Debug|iPhoneSimulator.Build.0 = Debug|Any CPU
		{0A7579AB-B724-4DD8-90C6-40D298DAD904}.Debug|x64.ActiveCfg = Debug|Any CPU
		{0A7579AB-B724-4DD8-90C6-40D298DAD904}.Debug|x64.Build.0 = Debug|Any CPU
		{0A7579AB-B724-4DD8-90C6-40D298DAD904}.Debug|x86.ActiveCfg = Debug|Any CPU
		{0A7579AB-B724-4DD8-90C6-40D298DAD904}.Debug|x86.Build.0 = Debug|Any CPU
		{0A7579AB-B724-4DD8-90C6-40D298DAD904}.Release|Any CPU.ActiveCfg = Release|Any CPU
		{0A7579AB-B724-4DD8-90C6-40D298DAD904}.Release|Any CPU.Build.0 = Release|Any CPU
		{0A7579AB-B724-4DD8-90C6-40D298DAD904}.Release|ARM.ActiveCfg = Release|Any CPU
		{0A7579AB-B724-4DD8-90C6-40D298DAD904}.Release|ARM.Build.0 = Release|Any CPU
		{0A7579AB-B724-4DD8-90C6-40D298DAD904}.Release|iPhone.ActiveCfg = Release|Any CPU
		{0A7579AB-B724-4DD8-90C6-40D298DAD904}.Release|iPhone.Build.0 = Release|Any CPU
		{0A7579AB-B724-4DD8-90C6-40D298DAD904}.Release|iPhoneSimulator.ActiveCfg = Release|Any CPU
		{0A7579AB-B724-4DD8-90C6-40D298DAD904}.Release|iPhoneSimulator.Build.0 = Release|Any CPU
		{0A7579AB-B724-4DD8-90C6-40D298DAD904}.Release|x64.ActiveCfg = Release|Any CPU
		{0A7579AB-B724-4DD8-90C6-40D298DAD904}.Release|x64.Build.0 = Release|Any CPU
		{0A7579AB-B724-4DD8-90C6-40D298DAD904}.Release|x86.ActiveCfg = Release|Any CPU
		{0A7579AB-B724-4DD8-90C6-40D298DAD904}.Release|x86.Build.0 = Release|Any CPU
		{CE5F2E67-919B-46E8-B681-84C32EEF9A48}.Ad-Hoc|Any CPU.ActiveCfg = Release|x86
		{CE5F2E67-919B-46E8-B681-84C32EEF9A48}.Ad-Hoc|Any CPU.Build.0 = Release|x86
		{CE5F2E67-919B-46E8-B681-84C32EEF9A48}.Ad-Hoc|Any CPU.Deploy.0 = Release|x86
		{CE5F2E67-919B-46E8-B681-84C32EEF9A48}.Ad-Hoc|ARM.ActiveCfg = Release|ARM
		{CE5F2E67-919B-46E8-B681-84C32EEF9A48}.Ad-Hoc|ARM.Build.0 = Release|ARM
		{CE5F2E67-919B-46E8-B681-84C32EEF9A48}.Ad-Hoc|ARM.Deploy.0 = Release|ARM
		{CE5F2E67-919B-46E8-B681-84C32EEF9A48}.Ad-Hoc|iPhone.ActiveCfg = Release|x86
		{CE5F2E67-919B-46E8-B681-84C32EEF9A48}.Ad-Hoc|iPhone.Build.0 = Release|x86
		{CE5F2E67-919B-46E8-B681-84C32EEF9A48}.Ad-Hoc|iPhone.Deploy.0 = Release|x86
		{CE5F2E67-919B-46E8-B681-84C32EEF9A48}.Ad-Hoc|iPhoneSimulator.ActiveCfg = Release|x86
		{CE5F2E67-919B-46E8-B681-84C32EEF9A48}.Ad-Hoc|iPhoneSimulator.Build.0 = Release|x86
		{CE5F2E67-919B-46E8-B681-84C32EEF9A48}.Ad-Hoc|iPhoneSimulator.Deploy.0 = Release|x86
		{CE5F2E67-919B-46E8-B681-84C32EEF9A48}.Ad-Hoc|x64.ActiveCfg = Release|x64
		{CE5F2E67-919B-46E8-B681-84C32EEF9A48}.Ad-Hoc|x64.Build.0 = Release|x64
		{CE5F2E67-919B-46E8-B681-84C32EEF9A48}.Ad-Hoc|x64.Deploy.0 = Release|x64
		{CE5F2E67-919B-46E8-B681-84C32EEF9A48}.Ad-Hoc|x86.ActiveCfg = Release|x86
		{CE5F2E67-919B-46E8-B681-84C32EEF9A48}.Ad-Hoc|x86.Build.0 = Release|x86
		{CE5F2E67-919B-46E8-B681-84C32EEF9A48}.Ad-Hoc|x86.Deploy.0 = Release|x86
		{CE5F2E67-919B-46E8-B681-84C32EEF9A48}.AppStore|Any CPU.ActiveCfg = Release|x86
		{CE5F2E67-919B-46E8-B681-84C32EEF9A48}.AppStore|Any CPU.Build.0 = Release|x86
		{CE5F2E67-919B-46E8-B681-84C32EEF9A48}.AppStore|Any CPU.Deploy.0 = Release|x86
		{CE5F2E67-919B-46E8-B681-84C32EEF9A48}.AppStore|ARM.ActiveCfg = Release|ARM
		{CE5F2E67-919B-46E8-B681-84C32EEF9A48}.AppStore|ARM.Build.0 = Release|ARM
		{CE5F2E67-919B-46E8-B681-84C32EEF9A48}.AppStore|ARM.Deploy.0 = Release|ARM
		{CE5F2E67-919B-46E8-B681-84C32EEF9A48}.AppStore|iPhone.ActiveCfg = Release|x86
		{CE5F2E67-919B-46E8-B681-84C32EEF9A48}.AppStore|iPhone.Build.0 = Release|x86
		{CE5F2E67-919B-46E8-B681-84C32EEF9A48}.AppStore|iPhone.Deploy.0 = Release|x86
		{CE5F2E67-919B-46E8-B681-84C32EEF9A48}.AppStore|iPhoneSimulator.ActiveCfg = Release|x86
		{CE5F2E67-919B-46E8-B681-84C32EEF9A48}.AppStore|iPhoneSimulator.Build.0 = Release|x86
		{CE5F2E67-919B-46E8-B681-84C32EEF9A48}.AppStore|iPhoneSimulator.Deploy.0 = Release|x86
		{CE5F2E67-919B-46E8-B681-84C32EEF9A48}.AppStore|x64.ActiveCfg = Release|x64
		{CE5F2E67-919B-46E8-B681-84C32EEF9A48}.AppStore|x64.Build.0 = Release|x64
		{CE5F2E67-919B-46E8-B681-84C32EEF9A48}.AppStore|x64.Deploy.0 = Release|x64
		{CE5F2E67-919B-46E8-B681-84C32EEF9A48}.AppStore|x86.ActiveCfg = Release|x86
		{CE5F2E67-919B-46E8-B681-84C32EEF9A48}.AppStore|x86.Build.0 = Release|x86
		{CE5F2E67-919B-46E8-B681-84C32EEF9A48}.AppStore|x86.Deploy.0 = Release|x86
		{CE5F2E67-919B-46E8-B681-84C32EEF9A48}.Debug|Any CPU.ActiveCfg = Debug|x86
		{CE5F2E67-919B-46E8-B681-84C32EEF9A48}.Debug|ARM.ActiveCfg = Debug|ARM
		{CE5F2E67-919B-46E8-B681-84C32EEF9A48}.Debug|ARM.Build.0 = Debug|ARM
		{CE5F2E67-919B-46E8-B681-84C32EEF9A48}.Debug|ARM.Deploy.0 = Debug|ARM
		{CE5F2E67-919B-46E8-B681-84C32EEF9A48}.Debug|iPhone.ActiveCfg = Debug|x86
		{CE5F2E67-919B-46E8-B681-84C32EEF9A48}.Debug|iPhoneSimulator.ActiveCfg = Debug|x86
		{CE5F2E67-919B-46E8-B681-84C32EEF9A48}.Debug|x64.ActiveCfg = Debug|x64
		{CE5F2E67-919B-46E8-B681-84C32EEF9A48}.Debug|x64.Build.0 = Debug|x64
		{CE5F2E67-919B-46E8-B681-84C32EEF9A48}.Debug|x64.Deploy.0 = Debug|x64
		{CE5F2E67-919B-46E8-B681-84C32EEF9A48}.Debug|x86.ActiveCfg = Debug|x86
		{CE5F2E67-919B-46E8-B681-84C32EEF9A48}.Debug|x86.Build.0 = Debug|x86
		{CE5F2E67-919B-46E8-B681-84C32EEF9A48}.Debug|x86.Deploy.0 = Debug|x86
		{CE5F2E67-919B-46E8-B681-84C32EEF9A48}.Release|Any CPU.ActiveCfg = Release|x86
		{CE5F2E67-919B-46E8-B681-84C32EEF9A48}.Release|ARM.ActiveCfg = Release|ARM
		{CE5F2E67-919B-46E8-B681-84C32EEF9A48}.Release|ARM.Build.0 = Release|ARM
		{CE5F2E67-919B-46E8-B681-84C32EEF9A48}.Release|ARM.Deploy.0 = Release|ARM
		{CE5F2E67-919B-46E8-B681-84C32EEF9A48}.Release|iPhone.ActiveCfg = Release|x86
		{CE5F2E67-919B-46E8-B681-84C32EEF9A48}.Release|iPhoneSimulator.ActiveCfg = Release|x86
		{CE5F2E67-919B-46E8-B681-84C32EEF9A48}.Release|x64.ActiveCfg = Release|x64
		{CE5F2E67-919B-46E8-B681-84C32EEF9A48}.Release|x64.Build.0 = Release|x64
		{CE5F2E67-919B-46E8-B681-84C32EEF9A48}.Release|x64.Deploy.0 = Release|x64
		{CE5F2E67-919B-46E8-B681-84C32EEF9A48}.Release|x86.ActiveCfg = Release|x86
		{CE5F2E67-919B-46E8-B681-84C32EEF9A48}.Release|x86.Build.0 = Release|x86
		{CE5F2E67-919B-46E8-B681-84C32EEF9A48}.Release|x86.Deploy.0 = Release|x86
		{4BA76653-C25D-4AB7-A67E-33D1DD682848}.Ad-Hoc|Any CPU.ActiveCfg = Ad-Hoc|iPhoneSimulator
		{4BA76653-C25D-4AB7-A67E-33D1DD682848}.Ad-Hoc|ARM.ActiveCfg = Ad-Hoc|iPhone
		{4BA76653-C25D-4AB7-A67E-33D1DD682848}.Ad-Hoc|iPhone.ActiveCfg = Ad-Hoc|iPhone
		{4BA76653-C25D-4AB7-A67E-33D1DD682848}.Ad-Hoc|iPhone.Build.0 = Ad-Hoc|iPhone
		{4BA76653-C25D-4AB7-A67E-33D1DD682848}.Ad-Hoc|iPhoneSimulator.ActiveCfg = Ad-Hoc|iPhoneSimulator
		{4BA76653-C25D-4AB7-A67E-33D1DD682848}.Ad-Hoc|iPhoneSimulator.Build.0 = Ad-Hoc|iPhoneSimulator
		{4BA76653-C25D-4AB7-A67E-33D1DD682848}.Ad-Hoc|x64.ActiveCfg = Ad-Hoc|iPhone
		{4BA76653-C25D-4AB7-A67E-33D1DD682848}.Ad-Hoc|x86.ActiveCfg = Ad-Hoc|iPhone
		{4BA76653-C25D-4AB7-A67E-33D1DD682848}.AppStore|Any CPU.ActiveCfg = AppStore|iPhoneSimulator
		{4BA76653-C25D-4AB7-A67E-33D1DD682848}.AppStore|ARM.ActiveCfg = AppStore|iPhone
		{4BA76653-C25D-4AB7-A67E-33D1DD682848}.AppStore|iPhone.ActiveCfg = AppStore|iPhone
		{4BA76653-C25D-4AB7-A67E-33D1DD682848}.AppStore|iPhone.Build.0 = AppStore|iPhone
		{4BA76653-C25D-4AB7-A67E-33D1DD682848}.AppStore|iPhoneSimulator.ActiveCfg = AppStore|iPhoneSimulator
		{4BA76653-C25D-4AB7-A67E-33D1DD682848}.AppStore|iPhoneSimulator.Build.0 = AppStore|iPhoneSimulator
		{4BA76653-C25D-4AB7-A67E-33D1DD682848}.AppStore|x64.ActiveCfg = AppStore|iPhone
		{4BA76653-C25D-4AB7-A67E-33D1DD682848}.AppStore|x86.ActiveCfg = AppStore|iPhone
		{4BA76653-C25D-4AB7-A67E-33D1DD682848}.Debug|Any CPU.ActiveCfg = Debug|iPhoneSimulator
		{4BA76653-C25D-4AB7-A67E-33D1DD682848}.Debug|ARM.ActiveCfg = Debug|iPhone
		{4BA76653-C25D-4AB7-A67E-33D1DD682848}.Debug|iPhone.ActiveCfg = Debug|iPhone
		{4BA76653-C25D-4AB7-A67E-33D1DD682848}.Debug|iPhone.Build.0 = Debug|iPhone
		{4BA76653-C25D-4AB7-A67E-33D1DD682848}.Debug|iPhoneSimulator.ActiveCfg = Debug|iPhoneSimulator
		{4BA76653-C25D-4AB7-A67E-33D1DD682848}.Debug|iPhoneSimulator.Build.0 = Debug|iPhoneSimulator
		{4BA76653-C25D-4AB7-A67E-33D1DD682848}.Debug|x64.ActiveCfg = Debug|iPhone
		{4BA76653-C25D-4AB7-A67E-33D1DD682848}.Debug|x86.ActiveCfg = Debug|iPhone
		{4BA76653-C25D-4AB7-A67E-33D1DD682848}.Release|Any CPU.ActiveCfg = Release|iPhoneSimulator
		{4BA76653-C25D-4AB7-A67E-33D1DD682848}.Release|ARM.ActiveCfg = Release|iPhone
		{4BA76653-C25D-4AB7-A67E-33D1DD682848}.Release|iPhone.ActiveCfg = Release|iPhone
		{4BA76653-C25D-4AB7-A67E-33D1DD682848}.Release|iPhone.Build.0 = Release|iPhone
		{4BA76653-C25D-4AB7-A67E-33D1DD682848}.Release|iPhoneSimulator.ActiveCfg = Release|iPhoneSimulator
		{4BA76653-C25D-4AB7-A67E-33D1DD682848}.Release|iPhoneSimulator.Build.0 = Release|iPhoneSimulator
		{4BA76653-C25D-4AB7-A67E-33D1DD682848}.Release|x64.ActiveCfg = Release|iPhone
		{4BA76653-C25D-4AB7-A67E-33D1DD682848}.Release|x86.ActiveCfg = Release|iPhone
	EndGlobalSection
	GlobalSection(SolutionProperties) = preSolution
		HideSolutionNode = FALSE
	EndGlobalSection
	GlobalSection(ExtensibilityGlobals) = postSolution
		SolutionGuid = {9D5563BA-A927-49EB-9C29-ED578C08E4C8}
	EndGlobalSection
EndGlobal
